
Microsoft Visual Studio Solution File, Format Version 12.00
# Visual Studio Version 17
VisualStudioVersion = 17.8.34330.188
MinimumVisualStudioVersion = 10.0.40219.1
Project("{9A19103F-16F7-4668-BE54-9A1E7A4F7556}") = "RhinoPackages.Api", "api\RhinoPackages.Api.csproj", "{9F0A6259-B590-4A03-A615-1E5C1BB7D99E}"
EndProject
Global
	GlobalSection(SolutionConfigurationPlatforms) = preSolution
		Debug|Any CPU = Debug|Any CPU
		Release|Any CPU = Release|Any CPU
	EndGlobalSection
	GlobalSection(ProjectConfigurationPlatforms) = postSolution
		{9F0A6259-B590-4A03-A615-1E5C1BB7D99E}.Debug|Any CPU.ActiveCfg = Debug|Any CPU
		{9F0A6259-B590-4A03-A615-1E5C1BB7D99E}.Debug|Any CPU.Build.0 = Debug|Any CPU
		{9F0A6259-B590-4A03-A615-1E5C1BB7D99E}.Release|Any CPU.ActiveCfg = Release|Any CPU
		{9F0A6259-B590-4A03-A615-1E5C1BB7D99E}.Release|Any CPU.Build.0 = Release|Any CPU
	EndGlobalSection
	GlobalSection(SolutionProperties) = preSolution
		HideSolutionNode = FALSE
	EndGlobalSection
	GlobalSection(ExtensibilityGlobals) = postSolution
		SolutionGuid = {565CFD30-427B-44B7-9623-34500F56314B}
	EndGlobalSection
EndGlobal
